
Microsoft Visual Studio Solution File, Format Version 12.00
# Visual Studio Version 17
VisualStudioVersion = 17.10.35027.167
MinimumVisualStudioVersion = 10.0.40219.1
Project("{FAE04EC0-301F-11D3-BF4B-00C04F79EFBC}") = "SurvivorCompetition", "SurvivorCompetition\SurvivorCompetition.csproj", "{5FA947C3-D416-407E-AF65-E7D2338898FA}"
EndProject
Global
	GlobalSection(SolutionConfigurationPlatforms) = preSolution
		Debug|Any CPU = Debug|Any CPU
		Release|Any CPU = Release|Any CPU
	EndGlobalSection
	GlobalSection(ProjectConfigurationPlatforms) = postSolution
		{5FA947C3-D416-407E-AF65-E7D2338898FA}.Debug|Any CPU.ActiveCfg = Debug|Any CPU
		{5FA947C3-D416-407E-AF65-E7D2338898FA}.Debug|Any CPU.Build.0 = Debug|Any CPU
		{5FA947C3-D416-407E-AF65-E7D2338898FA}.Release|Any CPU.ActiveCfg = Release|Any CPU
		{5FA947C3-D416-407E-AF65-E7D2338898FA}.Release|Any CPU.Build.0 = Release|Any CPU
	EndGlobalSection
	GlobalSection(SolutionProperties) = preSolution
		HideSolutionNode = FALSE
	EndGlobalSection
	GlobalSection(ExtensibilityGlobals) = postSolution
		SolutionGuid = {00827836-7EB1-4124-B2C9-CB4BE0B5D46E}
	EndGlobalSection
EndGlobal
